// !$*UTF8*$!
{
	archiveVersion = 1;
	classes = {
	};
	objectVersion = 51;
	objects = {

/* Begin PBXBuildFile section */
		451C664F2408096F0016DA68 /* GreetingsView.swift in Sources */ = {isa = PBXBuildFile; fileRef = 451C664E2408096F0016DA68 /* GreetingsView.swift */; };
		451C6652240809A40016DA68 /* GreetingsViewModel.swift in Sources */ = {isa = PBXBuildFile; fileRef = 451C6651240809A40016DA68 /* GreetingsViewModel.swift */; };
		4537CEE323F6D259003602EA /* AppDelegate.swift in Sources */ = {isa = PBXBuildFile; fileRef = 4537CEE223F6D259003602EA /* AppDelegate.swift */; };
		4537CEE523F6D259003602EA /* SceneDelegate.swift in Sources */ = {isa = PBXBuildFile; fileRef = 4537CEE423F6D259003602EA /* SceneDelegate.swift */; };
		4537CEE723F6D259003602EA /* ContentView.swift in Sources */ = {isa = PBXBuildFile; fileRef = 4537CEE623F6D259003602EA /* ContentView.swift */; };
		4537CEE923F6D25A003602EA /* Assets.xcassets in Resources */ = {isa = PBXBuildFile; fileRef = 4537CEE823F6D25A003602EA /* Assets.xcassets */; };
		4537CEEC23F6D25A003602EA /* Preview Assets.xcassets in Resources */ = {isa = PBXBuildFile; fileRef = 4537CEEB23F6D25A003602EA /* Preview Assets.xcassets */; };
		4537CEEF23F6D25A003602EA /* LaunchScreen.storyboard in Resources */ = {isa = PBXBuildFile; fileRef = 4537CEED23F6D25A003602EA /* LaunchScreen.storyboard */; };
		4537CEFA23F6D25A003602EA /* VirtualBusinessCardTests.swift in Sources */ = {isa = PBXBuildFile; fileRef = 4537CEF923F6D25A003602EA /* VirtualBusinessCardTests.swift */; };
		4537CF0523F6D25A003602EA /* VirtualBusinessCardUITests.swift in Sources */ = {isa = PBXBuildFile; fileRef = 4537CF0423F6D25A003602EA /* VirtualBusinessCardUITests.swift */; };
		453B5F1E24197171009E3AB2 /* ButtonStyle.swift in Sources */ = {isa = PBXBuildFile; fileRef = 453B5F1D24197171009E3AB2 /* ButtonStyle.swift */; };
		4558F1F12423B0CE00D44526 /* LoginWithMicrosoftButton.swift in Sources */ = {isa = PBXBuildFile; fileRef = 4558F1F02423B0CE00D44526 /* LoginWithMicrosoftButton.swift */; };
		4558F1F32423B52000D44526 /* LoginWithGoogleButton.swift in Sources */ = {isa = PBXBuildFile; fileRef = 4558F1F22423B52000D44526 /* LoginWithGoogleButton.swift */; };
		4558F1F52423CD4800D44526 /* AppView.swift in Sources */ = {isa = PBXBuildFile; fileRef = 4558F1F42423CD4800D44526 /* AppView.swift */; };
		4558F1F72423CD6200D44526 /* AppViewModel.swift in Sources */ = {isa = PBXBuildFile; fileRef = 4558F1F62423CD6200D44526 /* AppViewModel.swift */; };
		4558F1F92423E75D00D44526 /* DeviceDisplay.swift in Sources */ = {isa = PBXBuildFile; fileRef = 4558F1F82423E75D00D44526 /* DeviceDisplay.swift */; };
		4558F1FC2424FD9E00D44526 /* CreateAccountView.swift in Sources */ = {isa = PBXBuildFile; fileRef = 4558F1FB2424FD9E00D44526 /* CreateAccountView.swift */; };
		4558F1FE2424FE2200D44526 /* CreateAccountViewModel.swift in Sources */ = {isa = PBXBuildFile; fileRef = 4558F1FD2424FE2200D44526 /* CreateAccountViewModel.swift */; };
		4580E995243B084000184AA4 /* ReceiveVC.swift in Sources */ = {isa = PBXBuildFile; fileRef = 4580E994243B084000184AA4 /* ReceiveVC.swift */; };
		4580E99A243B6A7500184AA4 /* DisplayVC.swift in Sources */ = {isa = PBXBuildFile; fileRef = 4580E999243B6A7500184AA4 /* DisplayVC.swift */; };
		459DC58723FEA496002F03DD /* Firestoreable.swift in Sources */ = {isa = PBXBuildFile; fileRef = 459DC58623FEA496002F03DD /* Firestoreable.swift */; };
		459DC58A23FEA4CB002F03DD /* User.swift in Sources */ = {isa = PBXBuildFile; fileRef = 459DC58923FEA4CB002F03DD /* User.swift */; };
		459DC58C23FEA515002F03DD /* User+Firestorable.swift in Sources */ = {isa = PBXBuildFile; fileRef = 459DC58B23FEA515002F03DD /* User+Firestorable.swift */; };
		459DC58F23FEBE6A002F03DD /* GoogleService-Info.plist in Resources */ = {isa = PBXBuildFile; fileRef = 459DC58E23FEBE6A002F03DD /* GoogleService-Info.plist */; };
		45B5E315241FA07F00028B0A /* LoginView.swift in Sources */ = {isa = PBXBuildFile; fileRef = 45B5E314241FA07F00028B0A /* LoginView.swift */; };
		45B5E317241FA09900028B0A /* LoginViewModel.swift in Sources */ = {isa = PBXBuildFile; fileRef = 45B5E316241FA09900028B0A /* LoginViewModel.swift */; };
		45B5E319241FBE2800028B0A /* Font.swift in Sources */ = {isa = PBXBuildFile; fileRef = 45B5E318241FBE2800028B0A /* Font.swift */; };
		45B5E31B241FC35B00028B0A /* OrDivider.swift in Sources */ = {isa = PBXBuildFile; fileRef = 45B5E31A241FC35B00028B0A /* OrDivider.swift */; };
		45B5E31D241FED0700028B0A /* LoginWithAppleButton.swift in Sources */ = {isa = PBXBuildFile; fileRef = 45B5E31C241FED0700028B0A /* LoginWithAppleButton.swift */; };
		45CD39CE2448905C00C5587C /* AnimationHelper.swift in Sources */ = {isa = PBXBuildFile; fileRef = 45CD39CD2448905B00C5587C /* AnimationHelper.swift */; };
		45D6BF7824169A41008B2498 /* Color.swift in Sources */ = {isa = PBXBuildFile; fileRef = 45D6BF7724169A41008B2498 /* Color.swift */; };
		45E64C562419390B00FECFC9 /* LoginWithEmailView.swift in Sources */ = {isa = PBXBuildFile; fileRef = 45E64C552419390B00FECFC9 /* LoginWithEmailView.swift */; };
		45E64C582419391400FECFC9 /* LoginWithEmailViewModel.swift in Sources */ = {isa = PBXBuildFile; fileRef = 45E64C572419391400FECFC9 /* LoginWithEmailViewModel.swift */; };
		9E6AEC9EEDA28F23576379D6 /* libPods-VirtualBusinessCardTests.a in Frameworks */ = {isa = PBXBuildFile; fileRef = 4C48E5C40E0464D2F2568390 /* libPods-VirtualBusinessCardTests.a */; };
		A98E0132DA4C07A1AF3B816A /* libPods-VirtualBusinessCard-VirtualBusinessCardUITests.a in Frameworks */ = {isa = PBXBuildFile; fileRef = 706CD27DFEFFC748D4061E4E /* libPods-VirtualBusinessCard-VirtualBusinessCardUITests.a */; };
		C89A3F0654015C8DABF7CBB3 /* libPods-VirtualBusinessCard.a in Frameworks */ = {isa = PBXBuildFile; fileRef = 4E36C7107E0C5DDA489128F7 /* libPods-VirtualBusinessCard.a */; };
/* End PBXBuildFile section */

/* Begin PBXContainerItemProxy section */
		4537CEF623F6D25A003602EA /* PBXContainerItemProxy */ = {
			isa = PBXContainerItemProxy;
			containerPortal = 4537CED723F6D259003602EA /* Project object */;
			proxyType = 1;
			remoteGlobalIDString = 4537CEDE23F6D259003602EA;
			remoteInfo = VirtualBusinessCard;
		};
		4537CF0123F6D25A003602EA /* PBXContainerItemProxy */ = {
			isa = PBXContainerItemProxy;
			containerPortal = 4537CED723F6D259003602EA /* Project object */;
			proxyType = 1;
			remoteGlobalIDString = 4537CEDE23F6D259003602EA;
			remoteInfo = VirtualBusinessCard;
		};
/* End PBXContainerItemProxy section */

/* Begin PBXFileReference section */
		019548580A9E1A14C2A2D983 /* Pods-VirtualBusinessCard.debug.xcconfig */ = {isa = PBXFileReference; includeInIndex = 1; lastKnownFileType = text.xcconfig; name = "Pods-VirtualBusinessCard.debug.xcconfig"; path = "Target Support Files/Pods-VirtualBusinessCard/Pods-VirtualBusinessCard.debug.xcconfig"; sourceTree = "<group>"; };
		01D1832817EFE0EC110AD926 /* Pods-VirtualBusinessCard-VirtualBusinessCardUITests.release.xcconfig */ = {isa = PBXFileReference; includeInIndex = 1; lastKnownFileType = text.xcconfig; name = "Pods-VirtualBusinessCard-VirtualBusinessCardUITests.release.xcconfig"; path = "Target Support Files/Pods-VirtualBusinessCard-VirtualBusinessCardUITests/Pods-VirtualBusinessCard-VirtualBusinessCardUITests.release.xcconfig"; sourceTree = "<group>"; };
		324CC1D22A37317C49B8BEDB /* Pods-VirtualBusinessCard.release.xcconfig */ = {isa = PBXFileReference; includeInIndex = 1; lastKnownFileType = text.xcconfig; name = "Pods-VirtualBusinessCard.release.xcconfig"; path = "Target Support Files/Pods-VirtualBusinessCard/Pods-VirtualBusinessCard.release.xcconfig"; sourceTree = "<group>"; };
		451C664E2408096F0016DA68 /* GreetingsView.swift */ = {isa = PBXFileReference; lastKnownFileType = sourcecode.swift; path = GreetingsView.swift; sourceTree = "<group>"; };
		451C6651240809A40016DA68 /* GreetingsViewModel.swift */ = {isa = PBXFileReference; lastKnownFileType = sourcecode.swift; path = GreetingsViewModel.swift; sourceTree = "<group>"; };
		4537CEDF23F6D259003602EA /* VirtualBusinessCard.app */ = {isa = PBXFileReference; explicitFileType = wrapper.application; includeInIndex = 0; path = VirtualBusinessCard.app; sourceTree = BUILT_PRODUCTS_DIR; };
		4537CEE223F6D259003602EA /* AppDelegate.swift */ = {isa = PBXFileReference; lastKnownFileType = sourcecode.swift; path = AppDelegate.swift; sourceTree = "<group>"; };
		4537CEE423F6D259003602EA /* SceneDelegate.swift */ = {isa = PBXFileReference; lastKnownFileType = sourcecode.swift; path = SceneDelegate.swift; sourceTree = "<group>"; };
		4537CEE623F6D259003602EA /* ContentView.swift */ = {isa = PBXFileReference; lastKnownFileType = sourcecode.swift; path = ContentView.swift; sourceTree = "<group>"; };
		4537CEE823F6D25A003602EA /* Assets.xcassets */ = {isa = PBXFileReference; lastKnownFileType = folder.assetcatalog; path = Assets.xcassets; sourceTree = "<group>"; };
		4537CEEB23F6D25A003602EA /* Preview Assets.xcassets */ = {isa = PBXFileReference; lastKnownFileType = folder.assetcatalog; path = "Preview Assets.xcassets"; sourceTree = "<group>"; };
		4537CEEE23F6D25A003602EA /* Base */ = {isa = PBXFileReference; lastKnownFileType = file.storyboard; name = Base; path = Base.lproj/LaunchScreen.storyboard; sourceTree = "<group>"; };
		4537CEF023F6D25A003602EA /* Info.plist */ = {isa = PBXFileReference; lastKnownFileType = text.plist.xml; path = Info.plist; sourceTree = "<group>"; };
		4537CEF523F6D25A003602EA /* VirtualBusinessCardTests.xctest */ = {isa = PBXFileReference; explicitFileType = wrapper.cfbundle; includeInIndex = 0; path = VirtualBusinessCardTests.xctest; sourceTree = BUILT_PRODUCTS_DIR; };
		4537CEF923F6D25A003602EA /* VirtualBusinessCardTests.swift */ = {isa = PBXFileReference; lastKnownFileType = sourcecode.swift; path = VirtualBusinessCardTests.swift; sourceTree = "<group>"; };
		4537CEFB23F6D25A003602EA /* Info.plist */ = {isa = PBXFileReference; lastKnownFileType = text.plist.xml; path = Info.plist; sourceTree = "<group>"; };
		4537CF0023F6D25A003602EA /* VirtualBusinessCardUITests.xctest */ = {isa = PBXFileReference; explicitFileType = wrapper.cfbundle; includeInIndex = 0; path = VirtualBusinessCardUITests.xctest; sourceTree = BUILT_PRODUCTS_DIR; };
		4537CF0423F6D25A003602EA /* VirtualBusinessCardUITests.swift */ = {isa = PBXFileReference; lastKnownFileType = sourcecode.swift; path = VirtualBusinessCardUITests.swift; sourceTree = "<group>"; };
		4537CF0623F6D25A003602EA /* Info.plist */ = {isa = PBXFileReference; lastKnownFileType = text.plist.xml; path = Info.plist; sourceTree = "<group>"; };
		453B5F1D24197171009E3AB2 /* ButtonStyle.swift */ = {isa = PBXFileReference; lastKnownFileType = sourcecode.swift; path = ButtonStyle.swift; sourceTree = "<group>"; };
		4558F1F02423B0CE00D44526 /* LoginWithMicrosoftButton.swift */ = {isa = PBXFileReference; lastKnownFileType = sourcecode.swift; path = LoginWithMicrosoftButton.swift; sourceTree = "<group>"; };
		4558F1F22423B52000D44526 /* LoginWithGoogleButton.swift */ = {isa = PBXFileReference; lastKnownFileType = sourcecode.swift; path = LoginWithGoogleButton.swift; sourceTree = "<group>"; };
		4558F1F42423CD4800D44526 /* AppView.swift */ = {isa = PBXFileReference; lastKnownFileType = sourcecode.swift; path = AppView.swift; sourceTree = "<group>"; };
		4558F1F62423CD6200D44526 /* AppViewModel.swift */ = {isa = PBXFileReference; lastKnownFileType = sourcecode.swift; path = AppViewModel.swift; sourceTree = "<group>"; };
		4558F1F82423E75D00D44526 /* DeviceDisplay.swift */ = {isa = PBXFileReference; lastKnownFileType = sourcecode.swift; path = DeviceDisplay.swift; sourceTree = "<group>"; };
		4558F1FB2424FD9E00D44526 /* CreateAccountView.swift */ = {isa = PBXFileReference; lastKnownFileType = sourcecode.swift; path = CreateAccountView.swift; sourceTree = "<group>"; };
		4558F1FD2424FE2200D44526 /* CreateAccountViewModel.swift */ = {isa = PBXFileReference; lastKnownFileType = sourcecode.swift; path = CreateAccountViewModel.swift; sourceTree = "<group>"; };
		4580E98F2437FD1400184AA4 /* CoreNFC.framework */ = {isa = PBXFileReference; lastKnownFileType = wrapper.framework; name = CoreNFC.framework; path = System/Library/Frameworks/CoreNFC.framework; sourceTree = SDKROOT; };
		4580E994243B084000184AA4 /* ReceiveVC.swift */ = {isa = PBXFileReference; lastKnownFileType = sourcecode.swift; path = ReceiveVC.swift; sourceTree = "<group>"; };
		4580E999243B6A7500184AA4 /* DisplayVC.swift */ = {isa = PBXFileReference; lastKnownFileType = sourcecode.swift; path = DisplayVC.swift; sourceTree = "<group>"; };
		459DC58623FEA496002F03DD /* Firestoreable.swift */ = {isa = PBXFileReference; fileEncoding = 4; lastKnownFileType = sourcecode.swift; path = Firestoreable.swift; sourceTree = "<group>"; };
		459DC58923FEA4CB002F03DD /* User.swift */ = {isa = PBXFileReference; lastKnownFileType = sourcecode.swift; path = User.swift; sourceTree = "<group>"; };
		459DC58B23FEA515002F03DD /* User+Firestorable.swift */ = {isa = PBXFileReference; lastKnownFileType = sourcecode.swift; path = "User+Firestorable.swift"; sourceTree = "<group>"; };
		459DC58E23FEBE6A002F03DD /* GoogleService-Info.plist */ = {isa = PBXFileReference; fileEncoding = 4; lastKnownFileType = text.plist.xml; path = "GoogleService-Info.plist"; sourceTree = "<group>"; };
		45B5E314241FA07F00028B0A /* LoginView.swift */ = {isa = PBXFileReference; lastKnownFileType = sourcecode.swift; path = LoginView.swift; sourceTree = "<group>"; };
		45B5E316241FA09900028B0A /* LoginViewModel.swift */ = {isa = PBXFileReference; lastKnownFileType = sourcecode.swift; path = LoginViewModel.swift; sourceTree = "<group>"; };
		45B5E318241FBE2800028B0A /* Font.swift */ = {isa = PBXFileReference; lastKnownFileType = sourcecode.swift; path = Font.swift; sourceTree = "<group>"; };
		45B5E31A241FC35B00028B0A /* OrDivider.swift */ = {isa = PBXFileReference; lastKnownFileType = sourcecode.swift; path = OrDivider.swift; sourceTree = "<group>"; };
		45B5E31C241FED0700028B0A /* LoginWithAppleButton.swift */ = {isa = PBXFileReference; lastKnownFileType = sourcecode.swift; path = LoginWithAppleButton.swift; sourceTree = "<group>"; };
		45CD39CD2448905B00C5587C /* AnimationHelper.swift */ = {isa = PBXFileReference; fileEncoding = 4; lastKnownFileType = sourcecode.swift; path = AnimationHelper.swift; sourceTree = "<group>"; };
		45D6BF7724169A41008B2498 /* Color.swift */ = {isa = PBXFileReference; lastKnownFileType = sourcecode.swift; path = Color.swift; sourceTree = "<group>"; };
		45E64C552419390B00FECFC9 /* LoginWithEmailView.swift */ = {isa = PBXFileReference; lastKnownFileType = sourcecode.swift; path = LoginWithEmailView.swift; sourceTree = "<group>"; };
		45E64C572419391400FECFC9 /* LoginWithEmailViewModel.swift */ = {isa = PBXFileReference; lastKnownFileType = sourcecode.swift; path = LoginWithEmailViewModel.swift; sourceTree = "<group>"; };
		4C48E5C40E0464D2F2568390 /* libPods-VirtualBusinessCardTests.a */ = {isa = PBXFileReference; explicitFileType = archive.ar; includeInIndex = 0; path = "libPods-VirtualBusinessCardTests.a"; sourceTree = BUILT_PRODUCTS_DIR; };
		4E36C7107E0C5DDA489128F7 /* libPods-VirtualBusinessCard.a */ = {isa = PBXFileReference; explicitFileType = archive.ar; includeInIndex = 0; path = "libPods-VirtualBusinessCard.a"; sourceTree = BUILT_PRODUCTS_DIR; };
		706CD27DFEFFC748D4061E4E /* libPods-VirtualBusinessCard-VirtualBusinessCardUITests.a */ = {isa = PBXFileReference; explicitFileType = archive.ar; includeInIndex = 0; path = "libPods-VirtualBusinessCard-VirtualBusinessCardUITests.a"; sourceTree = BUILT_PRODUCTS_DIR; };
		74152509BF52658C39FFF3DF /* Pods-VirtualBusinessCardTests.debug.xcconfig */ = {isa = PBXFileReference; includeInIndex = 1; lastKnownFileType = text.xcconfig; name = "Pods-VirtualBusinessCardTests.debug.xcconfig"; path = "Target Support Files/Pods-VirtualBusinessCardTests/Pods-VirtualBusinessCardTests.debug.xcconfig"; sourceTree = "<group>"; };
		9A56AD2EAEE344EE9C80D661 /* Pods-VirtualBusinessCardTests.release.xcconfig */ = {isa = PBXFileReference; includeInIndex = 1; lastKnownFileType = text.xcconfig; name = "Pods-VirtualBusinessCardTests.release.xcconfig"; path = "Target Support Files/Pods-VirtualBusinessCardTests/Pods-VirtualBusinessCardTests.release.xcconfig"; sourceTree = "<group>"; };
		D274BC1B460B1340D4DC7352 /* Pods-VirtualBusinessCard-VirtualBusinessCardUITests.debug.xcconfig */ = {isa = PBXFileReference; includeInIndex = 1; lastKnownFileType = text.xcconfig; name = "Pods-VirtualBusinessCard-VirtualBusinessCardUITests.debug.xcconfig"; path = "Target Support Files/Pods-VirtualBusinessCard-VirtualBusinessCardUITests/Pods-VirtualBusinessCard-VirtualBusinessCardUITests.debug.xcconfig"; sourceTree = "<group>"; };
/* End PBXFileReference section */

/* Begin PBXFrameworksBuildPhase section */
		4537CEDC23F6D259003602EA /* Frameworks */ = {
			isa = PBXFrameworksBuildPhase;
			buildActionMask = 2147483647;
			files = (
				C89A3F0654015C8DABF7CBB3 /* libPods-VirtualBusinessCard.a in Frameworks */,
			);
			runOnlyForDeploymentPostprocessing = 0;
		};
		4537CEF223F6D25A003602EA /* Frameworks */ = {
			isa = PBXFrameworksBuildPhase;
			buildActionMask = 2147483647;
			files = (
				9E6AEC9EEDA28F23576379D6 /* libPods-VirtualBusinessCardTests.a in Frameworks */,
			);
			runOnlyForDeploymentPostprocessing = 0;
		};
		4537CEFD23F6D25A003602EA /* Frameworks */ = {
			isa = PBXFrameworksBuildPhase;
			buildActionMask = 2147483647;
			files = (
				A98E0132DA4C07A1AF3B816A /* libPods-VirtualBusinessCard-VirtualBusinessCardUITests.a in Frameworks */,
			);
			runOnlyForDeploymentPostprocessing = 0;
		};
/* End PBXFrameworksBuildPhase section */

/* Begin PBXGroup section */
		451C664C240806610016DA68 /* UI */ = {
			isa = PBXGroup;
			children = (
				4580E998243B6A4900184AA4 /* Utils */,
				4580E997243B6A2700184AA4 /* Components */,
				4580E996243B69B200184AA4 /* Sharing */,
				453B5F1C2419715A009E3AB2 /* Button */,
				451C664D240806690016DA68 /* Login */,
				4558F1F42423CD4800D44526 /* AppView.swift */,
				4558F1F62423CD6200D44526 /* AppViewModel.swift */,
				4580E999243B6A7500184AA4 /* DisplayVC.swift */,
			);
			path = UI;
			sourceTree = "<group>";
		};
		451C664D240806690016DA68 /* Login */ = {
			isa = PBXGroup;
			children = (
				4558F1FA2424FBE500D44526 /* CreateAccount */,
				45B5E313241FA01B00028B0A /* Login */,
				45E64C54241938F900FECFC9 /* LoginWithEmail */,
				451C6650240809840016DA68 /* Greetings */,
			);
			path = Login;
			sourceTree = "<group>";
		};
		451C6650240809840016DA68 /* Greetings */ = {
			isa = PBXGroup;
			children = (
				451C664E2408096F0016DA68 /* GreetingsView.swift */,
				451C6651240809A40016DA68 /* GreetingsViewModel.swift */,
			);
			path = Greetings;
			sourceTree = "<group>";
		};
		4537CED623F6D259003602EA = {
			isa = PBXGroup;
			children = (
				4537CEE123F6D259003602EA /* VirtualBusinessCard */,
				4537CEF823F6D25A003602EA /* VirtualBusinessCardTests */,
				4537CF0323F6D25A003602EA /* VirtualBusinessCardUITests */,
				4537CEE023F6D259003602EA /* Products */,
				F388864307D67D160A73D633 /* Pods */,
				A043EB3D702FD4AD55973A83 /* Frameworks */,
			);
			sourceTree = "<group>";
		};
		4537CEE023F6D259003602EA /* Products */ = {
			isa = PBXGroup;
			children = (
				4537CEDF23F6D259003602EA /* VirtualBusinessCard.app */,
				4537CEF523F6D25A003602EA /* VirtualBusinessCardTests.xctest */,
				4537CF0023F6D25A003602EA /* VirtualBusinessCardUITests.xctest */,
			);
			name = Products;
			sourceTree = "<group>";
		};
		4537CEE123F6D259003602EA /* VirtualBusinessCard */ = {
			isa = PBXGroup;
			children = (
				451C664C240806610016DA68 /* UI */,
				459DC58823FEA4A1002F03DD /* Model */,
				4537CEE223F6D259003602EA /* AppDelegate.swift */,
				4537CEE423F6D259003602EA /* SceneDelegate.swift */,
				4537CEE823F6D25A003602EA /* Assets.xcassets */,
				4537CEED23F6D25A003602EA /* LaunchScreen.storyboard */,
				4537CEF023F6D25A003602EA /* Info.plist */,
				459DC58E23FEBE6A002F03DD /* GoogleService-Info.plist */,
				4537CEEA23F6D25A003602EA /* Preview Content */,
			);
			path = VirtualBusinessCard;
			sourceTree = "<group>";
		};
		4537CEEA23F6D25A003602EA /* Preview Content */ = {
			isa = PBXGroup;
			children = (
				4537CEEB23F6D25A003602EA /* Preview Assets.xcassets */,
			);
			path = "Preview Content";
			sourceTree = "<group>";
		};
		4537CEF823F6D25A003602EA /* VirtualBusinessCardTests */ = {
			isa = PBXGroup;
			children = (
				4537CEF923F6D25A003602EA /* VirtualBusinessCardTests.swift */,
				4537CEFB23F6D25A003602EA /* Info.plist */,
			);
			path = VirtualBusinessCardTests;
			sourceTree = "<group>";
		};
		4537CF0323F6D25A003602EA /* VirtualBusinessCardUITests */ = {
			isa = PBXGroup;
			children = (
				4537CF0423F6D25A003602EA /* VirtualBusinessCardUITests.swift */,
				4537CF0623F6D25A003602EA /* Info.plist */,
			);
			path = VirtualBusinessCardUITests;
			sourceTree = "<group>";
		};
		453B5F1C2419715A009E3AB2 /* Button */ = {
			isa = PBXGroup;
			children = (
				453B5F1D24197171009E3AB2 /* ButtonStyle.swift */,
				45B5E31C241FED0700028B0A /* LoginWithAppleButton.swift */,
				4558F1F02423B0CE00D44526 /* LoginWithMicrosoftButton.swift */,
				4558F1F22423B52000D44526 /* LoginWithGoogleButton.swift */,
			);
			path = Button;
			sourceTree = "<group>";
		};
		4558F1FA2424FBE500D44526 /* CreateAccount */ = {
			isa = PBXGroup;
			children = (
				4558F1FB2424FD9E00D44526 /* CreateAccountView.swift */,
				4558F1FD2424FE2200D44526 /* CreateAccountViewModel.swift */,
			);
			path = CreateAccount;
			sourceTree = "<group>";
		};
		4580E996243B69B200184AA4 /* Sharing */ = {
			isa = PBXGroup;
			children = (
				4537CEE623F6D259003602EA /* ContentView.swift */,
				4580E994243B084000184AA4 /* ReceiveVC.swift */,
			);
			path = Sharing;
			sourceTree = "<group>";
		};
		4580E997243B6A2700184AA4 /* Components */ = {
			isa = PBXGroup;
			children = (
				45B5E31A241FC35B00028B0A /* OrDivider.swift */,
			);
			path = Components;
			sourceTree = "<group>";
		};
		4580E998243B6A4900184AA4 /* Utils */ = {
			isa = PBXGroup;
			children = (
				4558F1F82423E75D00D44526 /* DeviceDisplay.swift */,
				45B5E318241FBE2800028B0A /* Font.swift */,
				45CD39CD2448905B00C5587C /* AnimationHelper.swift */,
				45D6BF7724169A41008B2498 /* Color.swift */,
			);
			path = Utils;
			sourceTree = "<group>";
		};
		459DC58823FEA4A1002F03DD /* Model */ = {
			isa = PBXGroup;
			children = (
				459DC58D23FEA6AF002F03DD /* User */,
				459DC58623FEA496002F03DD /* Firestoreable.swift */,
			);
			path = Model;
			sourceTree = "<group>";
		};
		459DC58D23FEA6AF002F03DD /* User */ = {
			isa = PBXGroup;
			children = (
				459DC58923FEA4CB002F03DD /* User.swift */,
				459DC58B23FEA515002F03DD /* User+Firestorable.swift */,
			);
			path = User;
			sourceTree = "<group>";
		};
		45B5E313241FA01B00028B0A /* Login */ = {
			isa = PBXGroup;
			children = (
				45B5E314241FA07F00028B0A /* LoginView.swift */,
				45B5E316241FA09900028B0A /* LoginViewModel.swift */,
			);
			path = Login;
			sourceTree = "<group>";
		};
		45E64C54241938F900FECFC9 /* LoginWithEmail */ = {
			isa = PBXGroup;
			children = (
				45E64C552419390B00FECFC9 /* LoginWithEmailView.swift */,
				45E64C572419391400FECFC9 /* LoginWithEmailViewModel.swift */,
			);
			path = LoginWithEmail;
			sourceTree = "<group>";
		};
		A043EB3D702FD4AD55973A83 /* Frameworks */ = {
			isa = PBXGroup;
			children = (
				4580E98F2437FD1400184AA4 /* CoreNFC.framework */,
				4E36C7107E0C5DDA489128F7 /* libPods-VirtualBusinessCard.a */,
				706CD27DFEFFC748D4061E4E /* libPods-VirtualBusinessCard-VirtualBusinessCardUITests.a */,
				4C48E5C40E0464D2F2568390 /* libPods-VirtualBusinessCardTests.a */,
			);
			name = Frameworks;
			sourceTree = "<group>";
		};
		F388864307D67D160A73D633 /* Pods */ = {
			isa = PBXGroup;
			children = (
				019548580A9E1A14C2A2D983 /* Pods-VirtualBusinessCard.debug.xcconfig */,
				324CC1D22A37317C49B8BEDB /* Pods-VirtualBusinessCard.release.xcconfig */,
				D274BC1B460B1340D4DC7352 /* Pods-VirtualBusinessCard-VirtualBusinessCardUITests.debug.xcconfig */,
				01D1832817EFE0EC110AD926 /* Pods-VirtualBusinessCard-VirtualBusinessCardUITests.release.xcconfig */,
				74152509BF52658C39FFF3DF /* Pods-VirtualBusinessCardTests.debug.xcconfig */,
				9A56AD2EAEE344EE9C80D661 /* Pods-VirtualBusinessCardTests.release.xcconfig */,
			);
			path = Pods;
			sourceTree = "<group>";
		};
/* End PBXGroup section */

/* Begin PBXNativeTarget section */
		4537CEDE23F6D259003602EA /* VirtualBusinessCard */ = {
			isa = PBXNativeTarget;
			buildConfigurationList = 4537CF0923F6D25A003602EA /* Build configuration list for PBXNativeTarget "VirtualBusinessCard" */;
			buildPhases = (
				65CB22F173129E7E8C081AA8 /* [CP] Check Pods Manifest.lock */,
				4537CEDB23F6D259003602EA /* Sources */,
				4537CEDC23F6D259003602EA /* Frameworks */,
				4537CEDD23F6D259003602EA /* Resources */,
				31CADDA50BDECDB04DFB8B48 /* [CP] Copy Pods Resources */,
			);
			buildRules = (
			);
			dependencies = (
			);
			name = VirtualBusinessCard;
			productName = VirtualBusinessCard;
			productReference = 4537CEDF23F6D259003602EA /* VirtualBusinessCard.app */;
			productType = "com.apple.product-type.application";
		};
		4537CEF423F6D25A003602EA /* VirtualBusinessCardTests */ = {
			isa = PBXNativeTarget;
			buildConfigurationList = 4537CF0C23F6D25A003602EA /* Build configuration list for PBXNativeTarget "VirtualBusinessCardTests" */;
			buildPhases = (
				27E56CDF2F2889FCF4033BC5 /* [CP] Check Pods Manifest.lock */,
				4537CEF123F6D25A003602EA /* Sources */,
				4537CEF223F6D25A003602EA /* Frameworks */,
				4537CEF323F6D25A003602EA /* Resources */,
			);
			buildRules = (
			);
			dependencies = (
				4537CEF723F6D25A003602EA /* PBXTargetDependency */,
			);
			name = VirtualBusinessCardTests;
			productName = VirtualBusinessCardTests;
			productReference = 4537CEF523F6D25A003602EA /* VirtualBusinessCardTests.xctest */;
			productType = "com.apple.product-type.bundle.unit-test";
		};
		4537CEFF23F6D25A003602EA /* VirtualBusinessCardUITests */ = {
			isa = PBXNativeTarget;
			buildConfigurationList = 4537CF0F23F6D25A003602EA /* Build configuration list for PBXNativeTarget "VirtualBusinessCardUITests" */;
			buildPhases = (
				035BFFB0FE0FD50C238FBA06 /* [CP] Check Pods Manifest.lock */,
				4537CEFC23F6D25A003602EA /* Sources */,
				4537CEFD23F6D25A003602EA /* Frameworks */,
				4537CEFE23F6D25A003602EA /* Resources */,
				78D2035F2119109D78BD07B9 /* [CP] Copy Pods Resources */,
			);
			buildRules = (
			);
			dependencies = (
				4537CF0223F6D25A003602EA /* PBXTargetDependency */,
			);
			name = VirtualBusinessCardUITests;
			productName = VirtualBusinessCardUITests;
			productReference = 4537CF0023F6D25A003602EA /* VirtualBusinessCardUITests.xctest */;
			productType = "com.apple.product-type.bundle.ui-testing";
		};
/* End PBXNativeTarget section */

/* Begin PBXProject section */
		4537CED723F6D259003602EA /* Project object */ = {
			isa = PBXProject;
			attributes = {
				LastSwiftUpdateCheck = 1130;
				LastUpgradeCheck = 1130;
				ORGANIZATIONNAME = "Arek Otto";
				TargetAttributes = {
					4537CEDE23F6D259003602EA = {
						CreatedOnToolsVersion = 11.3.1;
					};
					4537CEF423F6D25A003602EA = {
						CreatedOnToolsVersion = 11.3.1;
						TestTargetID = 4537CEDE23F6D259003602EA;
					};
					4537CEFF23F6D25A003602EA = {
						CreatedOnToolsVersion = 11.3.1;
						TestTargetID = 4537CEDE23F6D259003602EA;
					};
				};
			};
			buildConfigurationList = 4537CEDA23F6D259003602EA /* Build configuration list for PBXProject "VirtualBusinessCard" */;
			compatibilityVersion = "Xcode 9.3";
			developmentRegion = en;
			hasScannedForEncodings = 0;
			knownRegions = (
				en,
				Base,
			);
			mainGroup = 4537CED623F6D259003602EA;
			productRefGroup = 4537CEE023F6D259003602EA /* Products */;
			projectDirPath = "";
			projectRoot = "";
			targets = (
				4537CEDE23F6D259003602EA /* VirtualBusinessCard */,
				4537CEF423F6D25A003602EA /* VirtualBusinessCardTests */,
				4537CEFF23F6D25A003602EA /* VirtualBusinessCardUITests */,
			);
		};
/* End PBXProject section */

/* Begin PBXResourcesBuildPhase section */
		4537CEDD23F6D259003602EA /* Resources */ = {
			isa = PBXResourcesBuildPhase;
			buildActionMask = 2147483647;
			files = (
				4537CEEF23F6D25A003602EA /* LaunchScreen.storyboard in Resources */,
				459DC58F23FEBE6A002F03DD /* GoogleService-Info.plist in Resources */,
				4537CEEC23F6D25A003602EA /* Preview Assets.xcassets in Resources */,
				4537CEE923F6D25A003602EA /* Assets.xcassets in Resources */,
			);
			runOnlyForDeploymentPostprocessing = 0;
		};
		4537CEF323F6D25A003602EA /* Resources */ = {
			isa = PBXResourcesBuildPhase;
			buildActionMask = 2147483647;
			files = (
			);
			runOnlyForDeploymentPostprocessing = 0;
		};
		4537CEFE23F6D25A003602EA /* Resources */ = {
			isa = PBXResourcesBuildPhase;
			buildActionMask = 2147483647;
			files = (
			);
			runOnlyForDeploymentPostprocessing = 0;
		};
/* End PBXResourcesBuildPhase section */

/* Begin PBXShellScriptBuildPhase section */
		035BFFB0FE0FD50C238FBA06 /* [CP] Check Pods Manifest.lock */ = {
			isa = PBXShellScriptBuildPhase;
			buildActionMask = 2147483647;
			files = (
			);
			inputFileListPaths = (
			);
			inputPaths = (
				"${PODS_PODFILE_DIR_PATH}/Podfile.lock",
				"${PODS_ROOT}/Manifest.lock",
			);
			name = "[CP] Check Pods Manifest.lock";
			outputFileListPaths = (
			);
			outputPaths = (
				"$(DERIVED_FILE_DIR)/Pods-VirtualBusinessCard-VirtualBusinessCardUITests-checkManifestLockResult.txt",
			);
			runOnlyForDeploymentPostprocessing = 0;
			shellPath = /bin/sh;
			shellScript = "diff \"${PODS_PODFILE_DIR_PATH}/Podfile.lock\" \"${PODS_ROOT}/Manifest.lock\" > /dev/null\nif [ $? != 0 ] ; then\n    # print error to STDERR\n    echo \"error: The sandbox is not in sync with the Podfile.lock. Run 'pod install' or update your CocoaPods installation.\" >&2\n    exit 1\nfi\n# This output is used by Xcode 'outputs' to avoid re-running this script phase.\necho \"SUCCESS\" > \"${SCRIPT_OUTPUT_FILE_0}\"\n";
			showEnvVarsInLog = 0;
		};
		27E56CDF2F2889FCF4033BC5 /* [CP] Check Pods Manifest.lock */ = {
			isa = PBXShellScriptBuildPhase;
			buildActionMask = 2147483647;
			files = (
			);
			inputFileListPaths = (
			);
			inputPaths = (
				"${PODS_PODFILE_DIR_PATH}/Podfile.lock",
				"${PODS_ROOT}/Manifest.lock",
			);
			name = "[CP] Check Pods Manifest.lock";
			outputFileListPaths = (
			);
			outputPaths = (
				"$(DERIVED_FILE_DIR)/Pods-VirtualBusinessCardTests-checkManifestLockResult.txt",
			);
			runOnlyForDeploymentPostprocessing = 0;
			shellPath = /bin/sh;
			shellScript = "diff \"${PODS_PODFILE_DIR_PATH}/Podfile.lock\" \"${PODS_ROOT}/Manifest.lock\" > /dev/null\nif [ $? != 0 ] ; then\n    # print error to STDERR\n    echo \"error: The sandbox is not in sync with the Podfile.lock. Run 'pod install' or update your CocoaPods installation.\" >&2\n    exit 1\nfi\n# This output is used by Xcode 'outputs' to avoid re-running this script phase.\necho \"SUCCESS\" > \"${SCRIPT_OUTPUT_FILE_0}\"\n";
			showEnvVarsInLog = 0;
		};
		31CADDA50BDECDB04DFB8B48 /* [CP] Copy Pods Resources */ = {
			isa = PBXShellScriptBuildPhase;
			buildActionMask = 2147483647;
			files = (
			);
			inputFileListPaths = (
				"${PODS_ROOT}/Target Support Files/Pods-VirtualBusinessCard/Pods-VirtualBusinessCard-resources-${CONFIGURATION}-input-files.xcfilelist",
			);
			name = "[CP] Copy Pods Resources";
			outputFileListPaths = (
				"${PODS_ROOT}/Target Support Files/Pods-VirtualBusinessCard/Pods-VirtualBusinessCard-resources-${CONFIGURATION}-output-files.xcfilelist",
			);
			runOnlyForDeploymentPostprocessing = 0;
			shellPath = /bin/sh;
			shellScript = "\"${PODS_ROOT}/Target Support Files/Pods-VirtualBusinessCard/Pods-VirtualBusinessCard-resources.sh\"\n";
			showEnvVarsInLog = 0;
		};
		65CB22F173129E7E8C081AA8 /* [CP] Check Pods Manifest.lock */ = {
			isa = PBXShellScriptBuildPhase;
			buildActionMask = 2147483647;
			files = (
			);
			inputFileListPaths = (
			);
			inputPaths = (
				"${PODS_PODFILE_DIR_PATH}/Podfile.lock",
				"${PODS_ROOT}/Manifest.lock",
			);
			name = "[CP] Check Pods Manifest.lock";
			outputFileListPaths = (
			);
			outputPaths = (
				"$(DERIVED_FILE_DIR)/Pods-VirtualBusinessCard-checkManifestLockResult.txt",
			);
			runOnlyForDeploymentPostprocessing = 0;
			shellPath = /bin/sh;
			shellScript = "diff \"${PODS_PODFILE_DIR_PATH}/Podfile.lock\" \"${PODS_ROOT}/Manifest.lock\" > /dev/null\nif [ $? != 0 ] ; then\n    # print error to STDERR\n    echo \"error: The sandbox is not in sync with the Podfile.lock. Run 'pod install' or update your CocoaPods installation.\" >&2\n    exit 1\nfi\n# This output is used by Xcode 'outputs' to avoid re-running this script phase.\necho \"SUCCESS\" > \"${SCRIPT_OUTPUT_FILE_0}\"\n";
			showEnvVarsInLog = 0;
		};
		78D2035F2119109D78BD07B9 /* [CP] Copy Pods Resources */ = {
			isa = PBXShellScriptBuildPhase;
			buildActionMask = 2147483647;
			files = (
			);
			inputFileListPaths = (
				"${PODS_ROOT}/Target Support Files/Pods-VirtualBusinessCard-VirtualBusinessCardUITests/Pods-VirtualBusinessCard-VirtualBusinessCardUITests-resources-${CONFIGURATION}-input-files.xcfilelist",
			);
			name = "[CP] Copy Pods Resources";
			outputFileListPaths = (
				"${PODS_ROOT}/Target Support Files/Pods-VirtualBusinessCard-VirtualBusinessCardUITests/Pods-VirtualBusinessCard-VirtualBusinessCardUITests-resources-${CONFIGURATION}-output-files.xcfilelist",
			);
			runOnlyForDeploymentPostprocessing = 0;
			shellPath = /bin/sh;
			shellScript = "\"${PODS_ROOT}/Target Support Files/Pods-VirtualBusinessCard-VirtualBusinessCardUITests/Pods-VirtualBusinessCard-VirtualBusinessCardUITests-resources.sh\"\n";
			showEnvVarsInLog = 0;
		};
/* End PBXShellScriptBuildPhase section */

/* Begin PBXSourcesBuildPhase section */
		4537CEDB23F6D259003602EA /* Sources */ = {
			isa = PBXSourcesBuildPhase;
			buildActionMask = 2147483647;
			files = (
				4558F1F92423E75D00D44526 /* DeviceDisplay.swift in Sources */,
				4558F1F12423B0CE00D44526 /* LoginWithMicrosoftButton.swift in Sources */,
				4537CEE323F6D259003602EA /* AppDelegate.swift in Sources */,
				4580E99A243B6A7500184AA4 /* DisplayVC.swift in Sources */,
				4558F1F72423CD6200D44526 /* AppViewModel.swift in Sources */,
				4558F1FE2424FE2200D44526 /* CreateAccountViewModel.swift in Sources */,
				459DC58723FEA496002F03DD /* Firestoreable.swift in Sources */,
				45B5E31B241FC35B00028B0A /* OrDivider.swift in Sources */,
				4580E995243B084000184AA4 /* ReceiveVC.swift in Sources */,
				45B5E319241FBE2800028B0A /* Font.swift in Sources */,
				45E64C582419391400FECFC9 /* LoginWithEmailViewModel.swift in Sources */,
				459DC58C23FEA515002F03DD /* User+Firestorable.swift in Sources */,
				4558F1FC2424FD9E00D44526 /* CreateAccountView.swift in Sources */,
				453B5F1E24197171009E3AB2 /* ButtonStyle.swift in Sources */,
				4558F1F52423CD4800D44526 /* AppView.swift in Sources */,
				4537CEE523F6D259003602EA /* SceneDelegate.swift in Sources */,
				45B5E31D241FED0700028B0A /* LoginWithAppleButton.swift in Sources */,
				45B5E317241FA09900028B0A /* LoginViewModel.swift in Sources */,
				459DC58A23FEA4CB002F03DD /* User.swift in Sources */,
				4537CEE723F6D259003602EA /* ContentView.swift in Sources */,
				451C664F2408096F0016DA68 /* GreetingsView.swift in Sources */,
				451C6652240809A40016DA68 /* GreetingsViewModel.swift in Sources */,
				45B5E315241FA07F00028B0A /* LoginView.swift in Sources */,
				45CD39CE2448905C00C5587C /* AnimationHelper.swift in Sources */,
				4558F1F32423B52000D44526 /* LoginWithGoogleButton.swift in Sources */,
				45E64C562419390B00FECFC9 /* LoginWithEmailView.swift in Sources */,
				45D6BF7824169A41008B2498 /* Color.swift in Sources */,
			);
			runOnlyForDeploymentPostprocessing = 0;
		};
		4537CEF123F6D25A003602EA /* Sources */ = {
			isa = PBXSourcesBuildPhase;
			buildActionMask = 2147483647;
			files = (
				4537CEFA23F6D25A003602EA /* VirtualBusinessCardTests.swift in Sources */,
			);
			runOnlyForDeploymentPostprocessing = 0;
		};
		4537CEFC23F6D25A003602EA /* Sources */ = {
			isa = PBXSourcesBuildPhase;
			buildActionMask = 2147483647;
			files = (
				4537CF0523F6D25A003602EA /* VirtualBusinessCardUITests.swift in Sources */,
			);
			runOnlyForDeploymentPostprocessing = 0;
		};
/* End PBXSourcesBuildPhase section */

/* Begin PBXTargetDependency section */
		4537CEF723F6D25A003602EA /* PBXTargetDependency */ = {
			isa = PBXTargetDependency;
			target = 4537CEDE23F6D259003602EA /* VirtualBusinessCard */;
			targetProxy = 4537CEF623F6D25A003602EA /* PBXContainerItemProxy */;
		};
		4537CF0223F6D25A003602EA /* PBXTargetDependency */ = {
			isa = PBXTargetDependency;
			target = 4537CEDE23F6D259003602EA /* VirtualBusinessCard */;
			targetProxy = 4537CF0123F6D25A003602EA /* PBXContainerItemProxy */;
		};
/* End PBXTargetDependency section */

/* Begin PBXVariantGroup section */
		4537CEED23F6D25A003602EA /* LaunchScreen.storyboard */ = {
			isa = PBXVariantGroup;
			children = (
				4537CEEE23F6D25A003602EA /* Base */,
			);
			name = LaunchScreen.storyboard;
			sourceTree = "<group>";
		};
/* End PBXVariantGroup section */

/* Begin XCBuildConfiguration section */
		4537CF0723F6D25A003602EA /* Debug */ = {
			isa = XCBuildConfiguration;
			buildSettings = {
				ALWAYS_SEARCH_USER_PATHS = NO;
				CLANG_ANALYZER_NONNULL = YES;
				CLANG_ANALYZER_NUMBER_OBJECT_CONVERSION = YES_AGGRESSIVE;
				CLANG_CXX_LANGUAGE_STANDARD = "gnu++14";
				CLANG_CXX_LIBRARY = "libc++";
				CLANG_ENABLE_MODULES = YES;
				CLANG_ENABLE_OBJC_ARC = YES;
				CLANG_ENABLE_OBJC_WEAK = YES;
				CLANG_WARN_BLOCK_CAPTURE_AUTORELEASING = YES;
				CLANG_WARN_BOOL_CONVERSION = YES;
				CLANG_WARN_COMMA = YES;
				CLANG_WARN_CONSTANT_CONVERSION = YES;
				CLANG_WARN_DEPRECATED_OBJC_IMPLEMENTATIONS = YES;
				CLANG_WARN_DIRECT_OBJC_ISA_USAGE = YES_ERROR;
				CLANG_WARN_DOCUMENTATION_COMMENTS = YES;
				CLANG_WARN_EMPTY_BODY = YES;
				CLANG_WARN_ENUM_CONVERSION = YES;
				CLANG_WARN_INFINITE_RECURSION = YES;
				CLANG_WARN_INT_CONVERSION = YES;
				CLANG_WARN_NON_LITERAL_NULL_CONVERSION = YES;
				CLANG_WARN_OBJC_IMPLICIT_RETAIN_SELF = YES;
				CLANG_WARN_OBJC_LITERAL_CONVERSION = YES;
				CLANG_WARN_OBJC_ROOT_CLASS = YES_ERROR;
				CLANG_WARN_RANGE_LOOP_ANALYSIS = YES;
				CLANG_WARN_STRICT_PROTOTYPES = YES;
				CLANG_WARN_SUSPICIOUS_MOVE = YES;
				CLANG_WARN_UNGUARDED_AVAILABILITY = YES_AGGRESSIVE;
				CLANG_WARN_UNREACHABLE_CODE = YES;
				CLANG_WARN__DUPLICATE_METHOD_MATCH = YES;
				COPY_PHASE_STRIP = NO;
				DEBUG_INFORMATION_FORMAT = dwarf;
				ENABLE_STRICT_OBJC_MSGSEND = YES;
				ENABLE_TESTABILITY = YES;
				GCC_C_LANGUAGE_STANDARD = gnu11;
				GCC_DYNAMIC_NO_PIC = NO;
				GCC_NO_COMMON_BLOCKS = YES;
				GCC_OPTIMIZATION_LEVEL = 0;
				GCC_PREPROCESSOR_DEFINITIONS = (
					"DEBUG=1",
					"$(inherited)",
				);
				GCC_WARN_64_TO_32_BIT_CONVERSION = YES;
				GCC_WARN_ABOUT_RETURN_TYPE = YES_ERROR;
				GCC_WARN_UNDECLARED_SELECTOR = YES;
				GCC_WARN_UNINITIALIZED_AUTOS = YES_AGGRESSIVE;
				GCC_WARN_UNUSED_FUNCTION = YES;
				GCC_WARN_UNUSED_VARIABLE = YES;
				IPHONEOS_DEPLOYMENT_TARGET = 13.2;
				MTL_ENABLE_DEBUG_INFO = INCLUDE_SOURCE;
				MTL_FAST_MATH = YES;
				ONLY_ACTIVE_ARCH = YES;
				SDKROOT = iphoneos;
				SWIFT_ACTIVE_COMPILATION_CONDITIONS = DEBUG;
				SWIFT_OPTIMIZATION_LEVEL = "-Onone";
			};
			name = Debug;
		};
		4537CF0823F6D25A003602EA /* Release */ = {
			isa = XCBuildConfiguration;
			buildSettings = {
				ALWAYS_SEARCH_USER_PATHS = NO;
				CLANG_ANALYZER_NONNULL = YES;
				CLANG_ANALYZER_NUMBER_OBJECT_CONVERSION = YES_AGGRESSIVE;
				CLANG_CXX_LANGUAGE_STANDARD = "gnu++14";
				CLANG_CXX_LIBRARY = "libc++";
				CLANG_ENABLE_MODULES = YES;
				CLANG_ENABLE_OBJC_ARC = YES;
				CLANG_ENABLE_OBJC_WEAK = YES;
				CLANG_WARN_BLOCK_CAPTURE_AUTORELEASING = YES;
				CLANG_WARN_BOOL_CONVERSION = YES;
				CLANG_WARN_COMMA = YES;
				CLANG_WARN_CONSTANT_CONVERSION = YES;
				CLANG_WARN_DEPRECATED_OBJC_IMPLEMENTATIONS = YES;
				CLANG_WARN_DIRECT_OBJC_ISA_USAGE = YES_ERROR;
				CLANG_WARN_DOCUMENTATION_COMMENTS = YES;
				CLANG_WARN_EMPTY_BODY = YES;
				CLANG_WARN_ENUM_CONVERSION = YES;
				CLANG_WARN_INFINITE_RECURSION = YES;
				CLANG_WARN_INT_CONVERSION = YES;
				CLANG_WARN_NON_LITERAL_NULL_CONVERSION = YES;
				CLANG_WARN_OBJC_IMPLICIT_RETAIN_SELF = YES;
				CLANG_WARN_OBJC_LITERAL_CONVERSION = YES;
				CLANG_WARN_OBJC_ROOT_CLASS = YES_ERROR;
				CLANG_WARN_RANGE_LOOP_ANALYSIS = YES;
				CLANG_WARN_STRICT_PROTOTYPES = YES;
				CLANG_WARN_SUSPICIOUS_MOVE = YES;
				CLANG_WARN_UNGUARDED_AVAILABILITY = YES_AGGRESSIVE;
				CLANG_WARN_UNREACHABLE_CODE = YES;
				CLANG_WARN__DUPLICATE_METHOD_MATCH = YES;
				COPY_PHASE_STRIP = NO;
				DEBUG_INFORMATION_FORMAT = "dwarf-with-dsym";
				ENABLE_NS_ASSERTIONS = NO;
				ENABLE_STRICT_OBJC_MSGSEND = YES;
				GCC_C_LANGUAGE_STANDARD = gnu11;
				GCC_NO_COMMON_BLOCKS = YES;
				GCC_WARN_64_TO_32_BIT_CONVERSION = YES;
				GCC_WARN_ABOUT_RETURN_TYPE = YES_ERROR;
				GCC_WARN_UNDECLARED_SELECTOR = YES;
				GCC_WARN_UNINITIALIZED_AUTOS = YES_AGGRESSIVE;
				GCC_WARN_UNUSED_FUNCTION = YES;
				GCC_WARN_UNUSED_VARIABLE = YES;
				IPHONEOS_DEPLOYMENT_TARGET = 13.2;
				MTL_ENABLE_DEBUG_INFO = NO;
				MTL_FAST_MATH = YES;
				SDKROOT = iphoneos;
				SWIFT_COMPILATION_MODE = wholemodule;
				SWIFT_OPTIMIZATION_LEVEL = "-O";
				VALIDATE_PRODUCT = YES;
			};
			name = Release;
		};
		4537CF0A23F6D25A003602EA /* Debug */ = {
			isa = XCBuildConfiguration;
			baseConfigurationReference = 019548580A9E1A14C2A2D983 /* Pods-VirtualBusinessCard.debug.xcconfig */;
			buildSettings = {
				ASSETCATALOG_COMPILER_APPICON_NAME = AppIcon;
				CODE_SIGN_ENTITLEMENTS = "";
				CODE_SIGN_IDENTITY = "iPhone Developer";
				CODE_SIGN_STYLE = Manual;
				DEVELOPMENT_ASSET_PATHS = "\"VirtualBusinessCard/Preview Content\"";
				DEVELOPMENT_TEAM = 5EP5TVKNPZ;
				ENABLE_PREVIEWS = YES;
				FRAMEWORK_SEARCH_PATHS = (
					"$(inherited)",
					"$(PROJECT_DIR)/VirtualBusinessCard/Depenedency/FirebaseAnalytics",
					"$(PROJECT_DIR)/VirtualBusinessCard/Depenedency/GoogleSignIn",
					"$(PROJECT_DIR)/VirtualBusinessCard/Depenedency/FirebaseStorage",
					"$(PROJECT_DIR)/VirtualBusinessCard/Depenedency/FirebaseFirestore",
					"$(PROJECT_DIR)/VirtualBusinessCard/Depenedency/FirebaseAuth",
				);
				INFOPLIST_FILE = VirtualBusinessCard/Info.plist;
				IPHONEOS_DEPLOYMENT_TARGET = 13.0;
				LD_RUNPATH_SEARCH_PATHS = (
					"$(inherited)",
					"@executable_path/Frameworks",
				);
				PRODUCT_BUNDLE_IDENTIFIER = com.thesis.VirtualBusinessCard;
				PRODUCT_NAME = "$(TARGET_NAME)";
				PROVISIONING_PROFILE_SPECIFIER = "VBC Provisioning Profile";
				SWIFT_VERSION = 5.0;
				TARGETED_DEVICE_FAMILY = "1,2";
			};
			name = Debug;
		};
		4537CF0B23F6D25A003602EA /* Release */ = {
			isa = XCBuildConfiguration;
			baseConfigurationReference = 324CC1D22A37317C49B8BEDB /* Pods-VirtualBusinessCard.release.xcconfig */;
			buildSettings = {
				ASSETCATALOG_COMPILER_APPICON_NAME = AppIcon;
				CODE_SIGN_ENTITLEMENTS = "";
				CODE_SIGN_IDENTITY = "iPhone Developer";
				CODE_SIGN_STYLE = Manual;
				DEVELOPMENT_ASSET_PATHS = "\"VirtualBusinessCard/Preview Content\"";
				DEVELOPMENT_TEAM = 5EP5TVKNPZ;
				ENABLE_PREVIEWS = YES;
				FRAMEWORK_SEARCH_PATHS = (
					"$(inherited)",
					"$(PROJECT_DIR)/VirtualBusinessCard/Depenedency/FirebaseAnalytics",
					"$(PROJECT_DIR)/VirtualBusinessCard/Depenedency/GoogleSignIn",
					"$(PROJECT_DIR)/VirtualBusinessCard/Depenedency/FirebaseStorage",
					"$(PROJECT_DIR)/VirtualBusinessCard/Depenedency/FirebaseFirestore",
					"$(PROJECT_DIR)/VirtualBusinessCard/Depenedency/FirebaseAuth",
				);
				INFOPLIST_FILE = VirtualBusinessCard/Info.plist;
				IPHONEOS_DEPLOYMENT_TARGET = 13.0;
				LD_RUNPATH_SEARCH_PATHS = (
					"$(inherited)",
					"@executable_path/Frameworks",
				);
				PRODUCT_BUNDLE_IDENTIFIER = com.thesis.VirtualBusinessCard;
				PRODUCT_NAME = "$(TARGET_NAME)";
				PROVISIONING_PROFILE_SPECIFIER = "VBC Provisioning Profile";
				SWIFT_VERSION = 5.0;
				TARGETED_DEVICE_FAMILY = "1,2";
			};
			name = Release;
		};
		4537CF0D23F6D25A003602EA /* Debug */ = {
			isa = XCBuildConfiguration;
			baseConfigurationReference = 74152509BF52658C39FFF3DF /* Pods-VirtualBusinessCardTests.debug.xcconfig */;
			buildSettings = {
				ALWAYS_EMBED_SWIFT_STANDARD_LIBRARIES = YES;
				BUNDLE_LOADER = "$(TEST_HOST)";
				CODE_SIGN_STYLE = Automatic;
				DEVELOPMENT_TEAM = 5EP5TVKNPZ;
				INFOPLIST_FILE = VirtualBusinessCardTests/Info.plist;
				IPHONEOS_DEPLOYMENT_TARGET = 13.2;
				LD_RUNPATH_SEARCH_PATHS = (
					"$(inherited)",
					"@executable_path/Frameworks",
					"@loader_path/Frameworks",
				);
				PRODUCT_BUNDLE_IDENTIFIER = com.thesis.VirtualBusinessCardTests;
				PRODUCT_NAME = "$(TARGET_NAME)";
				SWIFT_VERSION = 5.0;
				TARGETED_DEVICE_FAMILY = "1,2";
				TEST_HOST = "$(BUILT_PRODUCTS_DIR)/VirtualBusinessCard.app/VirtualBusinessCard";
			};
			name = Debug;
		};
		4537CF0E23F6D25A003602EA /* Release */ = {
			isa = XCBuildConfiguration;
			baseConfigurationReference = 9A56AD2EAEE344EE9C80D661 /* Pods-VirtualBusinessCardTests.release.xcconfig */;
			buildSettings = {
				ALWAYS_EMBED_SWIFT_STANDARD_LIBRARIES = YES;
				BUNDLE_LOADER = "$(TEST_HOST)";
				CODE_SIGN_STYLE = Automatic;
				DEVELOPMENT_TEAM = 5EP5TVKNPZ;
				INFOPLIST_FILE = VirtualBusinessCardTests/Info.plist;
				IPHONEOS_DEPLOYMENT_TARGET = 13.2;
				LD_RUNPATH_SEARCH_PATHS = (
					"$(inherited)",
					"@executable_path/Frameworks",
					"@loader_path/Frameworks",
				);
				PRODUCT_BUNDLE_IDENTIFIER = com.thesis.VirtualBusinessCardTests;
				PRODUCT_NAME = "$(TARGET_NAME)";
				SWIFT_VERSION = 5.0;
				TARGETED_DEVICE_FAMILY = "1,2";
				TEST_HOST = "$(BUILT_PRODUCTS_DIR)/VirtualBusinessCard.app/VirtualBusinessCard";
			};
			name = Release;
		};
		4537CF1023F6D25A003602EA /* Debug */ = {
			isa = XCBuildConfiguration;
			baseConfigurationReference = D274BC1B460B1340D4DC7352 /* Pods-VirtualBusinessCard-VirtualBusinessCardUITests.debug.xcconfig */;
			buildSettings = {
				ALWAYS_EMBED_SWIFT_STANDARD_LIBRARIES = YES;
				CODE_SIGN_STYLE = Automatic;
				DEVELOPMENT_TEAM = 5EP5TVKNPZ;
				INFOPLIST_FILE = VirtualBusinessCardUITests/Info.plist;
				LD_RUNPATH_SEARCH_PATHS = (
					"$(inherited)",
					"@executable_path/Frameworks",
					"@loader_path/Frameworks",
				);
				PRODUCT_BUNDLE_IDENTIFIER = com.thesis.VirtualBusinessCardUITests;
				PRODUCT_NAME = "$(TARGET_NAME)";
				SWIFT_VERSION = 5.0;
				TARGETED_DEVICE_FAMILY = "1,2";
				TEST_TARGET_NAME = VirtualBusinessCard;
			};
			name = Debug;
		};
		4537CF1123F6D25A003602EA /* Release */ = {
			isa = XCBuildConfiguration;
			baseConfigurationReference = 01D1832817EFE0EC110AD926 /* Pods-VirtualBusinessCard-VirtualBusinessCardUITests.release.xcconfig */;
			buildSettings = {
				ALWAYS_EMBED_SWIFT_STANDARD_LIBRARIES = YES;
				CODE_SIGN_STYLE = Automatic;
				DEVELOPMENT_TEAM = 5EP5TVKNPZ;
				INFOPLIST_FILE = VirtualBusinessCardUITests/Info.plist;
				LD_RUNPATH_SEARCH_PATHS = (
					"$(inherited)",
					"@executable_path/Frameworks",
					"@loader_path/Frameworks",
				);
				PRODUCT_BUNDLE_IDENTIFIER = com.thesis.VirtualBusinessCardUITests;
				PRODUCT_NAME = "$(TARGET_NAME)";
				SWIFT_VERSION = 5.0;
				TARGETED_DEVICE_FAMILY = "1,2";
				TEST_TARGET_NAME = VirtualBusinessCard;
			};
			name = Release;
		};
/* End XCBuildConfiguration section */

/* Begin XCConfigurationList section */
		4537CEDA23F6D259003602EA /* Build configuration list for PBXProject "VirtualBusinessCard" */ = {
			isa = XCConfigurationList;
			buildConfigurations = (
				4537CF0723F6D25A003602EA /* Debug */,
				4537CF0823F6D25A003602EA /* Release */,
			);
			defaultConfigurationIsVisible = 0;
			defaultConfigurationName = Release;
		};
		4537CF0923F6D25A003602EA /* Build configuration list for PBXNativeTarget "VirtualBusinessCard" */ = {
			isa = XCConfigurationList;
			buildConfigurations = (
				4537CF0A23F6D25A003602EA /* Debug */,
				4537CF0B23F6D25A003602EA /* Release */,
			);
			defaultConfigurationIsVisible = 0;
			defaultConfigurationName = Release;
		};
		4537CF0C23F6D25A003602EA /* Build configuration list for PBXNativeTarget "VirtualBusinessCardTests" */ = {
			isa = XCConfigurationList;
			buildConfigurations = (
				4537CF0D23F6D25A003602EA /* Debug */,
				4537CF0E23F6D25A003602EA /* Release */,
			);
			defaultConfigurationIsVisible = 0;
			defaultConfigurationName = Release;
		};
		4537CF0F23F6D25A003602EA /* Build configuration list for PBXNativeTarget "VirtualBusinessCardUITests" */ = {
			isa = XCConfigurationList;
			buildConfigurations = (
				4537CF1023F6D25A003602EA /* Debug */,
				4537CF1123F6D25A003602EA /* Release */,
			);
			defaultConfigurationIsVisible = 0;
			defaultConfigurationName = Release;
		};
/* End XCConfigurationList section */
	};
	rootObject = 4537CED723F6D259003602EA /* Project object */;
}
